
Microsoft Visual Studio Solution File, Format Version 12.00
# Visual Studio 14
VisualStudioVersion = 14.0.24720.0
MinimumVisualStudioVersion = 10.0.40219.1
Project("{FAE04EC0-301F-11D3-BF4B-00C04F79EFBC}") = "Katarnov.Program", "Source\Katarnov.Program\Katarnov.Program.csproj", "{F8FC6F10-81E8-406F-A95F-A8CC3C712369}"
	ProjectSection(ProjectDependencies) = postProject
		{7624118A-694F-49F5-B251-93B67EE8053A} = {7624118A-694F-49F5-B251-93B67EE8053A}
	EndProjectSection
EndProject
Project("{FAE04EC0-301F-11D3-BF4B-00C04F79EFBC}") = "Katarnov.Module", "Source\Katarnov.Module\Katarnov.Module.csproj", "{8D5CDECF-CEB5-43E8-974F-01A7E370DED5}"
EndProject
Project("{FAE04EC0-301F-11D3-BF4B-00C04F79EFBC}") = "Katarnov.Module.Core", "Source\Katarnov.Module.Core\Katarnov.Module.Core.csproj", "{7624118A-694F-49F5-B251-93B67EE8053A}"
EndProject
Project("{FAE04EC0-301F-11D3-BF4B-00C04F79EFBC}") = "Katarnov.Core", "Source\Katarnov.Core\Katarnov.Core.csproj", "{24993E6D-E8EC-418C-83C4-68DE5951D6E3}"
EndProject
Project("{2150E333-8FDC-42A3-9474-1A3956D46DE8}") = "Solution Items", "Solution Items", "{9A68BC6A-A35F-41CC-B876-3D1E672F218B}"
EndProject
Global
	GlobalSection(SolutionConfigurationPlatforms) = preSolution
		Debug|Any CPU = Debug|Any CPU
		Debug|x86 = Debug|x86
		Release|Any CPU = Release|Any CPU
		Release|x86 = Release|x86
	EndGlobalSection
	GlobalSection(ProjectConfigurationPlatforms) = postSolution
		{F8FC6F10-81E8-406F-A95F-A8CC3C712369}.Debug|Any CPU.ActiveCfg = Debug|x86
		{F8FC6F10-81E8-406F-A95F-A8CC3C712369}.Debug|x86.ActiveCfg = Debug|x86
		{F8FC6F10-81E8-406F-A95F-A8CC3C712369}.Debug|x86.Build.0 = Debug|x86
		{F8FC6F10-81E8-406F-A95F-A8CC3C712369}.Release|Any CPU.ActiveCfg = Release|x86
		{F8FC6F10-81E8-406F-A95F-A8CC3C712369}.Release|x86.ActiveCfg = Release|x86
		{F8FC6F10-81E8-406F-A95F-A8CC3C712369}.Release|x86.Build.0 = Release|x86
		{8D5CDECF-CEB5-43E8-974F-01A7E370DED5}.Debug|Any CPU.ActiveCfg = Debug|Any CPU
		{8D5CDECF-CEB5-43E8-974F-01A7E370DED5}.Debug|Any CPU.Build.0 = Debug|Any CPU
		{8D5CDECF-CEB5-43E8-974F-01A7E370DED5}.Debug|x86.ActiveCfg = Debug|Any CPU
		{8D5CDECF-CEB5-43E8-974F-01A7E370DED5}.Debug|x86.Build.0 = Debug|Any CPU
		{8D5CDECF-CEB5-43E8-974F-01A7E370DED5}.Release|Any CPU.ActiveCfg = Release|Any CPU
		{8D5CDECF-CEB5-43E8-974F-01A7E370DED5}.Release|Any CPU.Build.0 = Release|Any CPU
		{8D5CDECF-CEB5-43E8-974F-01A7E370DED5}.Release|x86.ActiveCfg = Release|Any CPU
		{8D5CDECF-CEB5-43E8-974F-01A7E370DED5}.Release|x86.Build.0 = Release|Any CPU
		{7624118A-694F-49F5-B251-93B67EE8053A}.Debug|Any CPU.ActiveCfg = Debug|Any CPU
		{7624118A-694F-49F5-B251-93B67EE8053A}.Debug|Any CPU.Build.0 = Debug|Any CPU
		{7624118A-694F-49F5-B251-93B67EE8053A}.Debug|x86.ActiveCfg = Debug|Any CPU
		{7624118A-694F-49F5-B251-93B67EE8053A}.Debug|x86.Build.0 = Debug|Any CPU
		{7624118A-694F-49F5-B251-93B67EE8053A}.Release|Any CPU.ActiveCfg = Release|Any CPU
		{7624118A-694F-49F5-B251-93B67EE8053A}.Release|Any CPU.Build.0 = Release|Any CPU
		{7624118A-694F-49F5-B251-93B67EE8053A}.Release|x86.ActiveCfg = Release|Any CPU
		{7624118A-694F-49F5-B251-93B67EE8053A}.Release|x86.Build.0 = Release|Any CPU
		{24993E6D-E8EC-418C-83C4-68DE5951D6E3}.Debug|Any CPU.ActiveCfg = Debug|Any CPU
		{24993E6D-E8EC-418C-83C4-68DE5951D6E3}.Debug|Any CPU.Build.0 = Debug|Any CPU
		{24993E6D-E8EC-418C-83C4-68DE5951D6E3}.Debug|x86.ActiveCfg = Debug|Any CPU
		{24993E6D-E8EC-418C-83C4-68DE5951D6E3}.Debug|x86.Build.0 = Debug|Any CPU
		{24993E6D-E8EC-418C-83C4-68DE5951D6E3}.Release|Any CPU.ActiveCfg = Release|Any CPU
		{24993E6D-E8EC-418C-83C4-68DE5951D6E3}.Release|Any CPU.Build.0 = Release|Any CPU
		{24993E6D-E8EC-418C-83C4-68DE5951D6E3}.Release|x86.ActiveCfg = Release|Any CPU
		{24993E6D-E8EC-418C-83C4-68DE5951D6E3}.Release|x86.Build.0 = Release|Any CPU
	EndGlobalSection
	GlobalSection(SolutionProperties) = preSolution
		HideSolutionNode = FALSE
	EndGlobalSection
EndGlobal
